
Microsoft Visual Studio Solution File, Format Version 12.00
# Visual Studio Version 17
VisualStudioVersion = 17.5.002.0
MinimumVisualStudioVersion = 10.0.40219.1
Project("{9A19103F-16F7-4668-BE54-9A1E7A4F7556}") = "appA", "appA.csproj", "{EA74617A-D6E7-4FD7-AAE4-3766DA61A147}"
EndProject
Global
	GlobalSection(SolutionConfigurationPlatforms) = preSolution
		Debug|Any CPU = Debug|Any CPU
		Release|Any CPU = Release|Any CPU
	EndGlobalSection
	GlobalSection(ProjectConfigurationPlatforms) = postSolution
		{EA74617A-D6E7-4FD7-AAE4-3766DA61A147}.Debug|Any CPU.ActiveCfg = Debug|Any CPU
		{EA74617A-D6E7-4FD7-AAE4-3766DA61A147}.Debug|Any CPU.Build.0 = Debug|Any CPU
		{EA74617A-D6E7-4FD7-AAE4-3766DA61A147}.Release|Any CPU.ActiveCfg = Release|Any CPU
		{EA74617A-D6E7-4FD7-AAE4-3766DA61A147}.Release|Any CPU.Build.0 = Release|Any CPU
	EndGlobalSection
	GlobalSection(SolutionProperties) = preSolution
		HideSolutionNode = FALSE
	EndGlobalSection
	GlobalSection(ExtensibilityGlobals) = postSolution
		SolutionGuid = {7DC693E9-6CBA-4A59-8153-B58B5B2849F7}
	EndGlobalSection
EndGlobal
